# This file is automatically @generated by Poetry 1.8.3 and should not be changed by hand.

[[package]]
name = "black"
version = "24.8.0"
description = "The uncompromising code formatter."
optional = false
python-versions = "*"
files = []

[[package]]
name = "flake8"
version = "7.1.1"
description = "the modular source code checker: pep8 pyflakes and co"
optional = false
python-versions = "*"
files = []

[[package]]
name = "flake8-docstrings"
version = "1.7.0"
description = "Extension for flake8 which uses pydocstyle to check docstrings"
optional = false
python-versions = "*"
files = []

[[package]]
name = "Flake8-pyproject"
version = "1.2.3"
description = "Flake8 plug-in loading the configuration from pyproject.toml"
optional = false
python-versions = "*"
files = []

[[package]]
name = "flake8-rst-docstrings"
version = "0.3.0"
description = "Python docstring reStructuredText (RST) validator for flake8"
optional = false
python-versions = "*"
files = []

[[package]]
name = "isort"
version = "5.13.2"
description = "A Python utility / library to sort Python imports."
optional = false
python-versions = "*"
files = []

[[package]]
name = "pylint"
version = "3.2.7"
description = "python code static checker"
optional = false
python-versions = "*"
files = []

[[package]]
name = "pylint-junit"
version = "0.3.4"
description = "pylint reporter for junit format."
optional = false
python-versions = "*"
files = []

[[package]]
name = "pytest"
version = "8.3.3"
description = "pytest: simple powerful testing with Python"
optional = false
python-versions = "*"
files = []

[[package]]
name = "pytest-cov"
version = "5.0.0"
description = "Pytest plugin for measuring coverage."
optional = false
python-versions = "*"
files = []

[[package]]
name = "ska-ser-sphinx-theme"
version = "0.1.3"
description = "A Sphinx ReadTheDocs theme for SKA"
optional = false
python-versions = ">=3.8.1,<4.0.0"
files = [
    {file = "ska_ser_sphinx_theme-0.1.3-py3-none-any.whl", hash = "sha256:cdde3c8061dc781cc7dcee23f250b46f607e20a8a21163d05dc84a8ee8ce6553"},
    {file = "ska_ser_sphinx_theme-0.1.3.tar.gz", hash = "sha256:6b997c2088ed8f4a906a16faebec671ce217110c915a35ed920cc2c532f1b80d"},
]

[package.dependencies]
sphinx = ">4"
sphinx-rtd-theme = ">=1.2.2,<2.0.0"

[package.source]
type = "legacy"
url = "https://artefact.skao.int/repository/pypi-internal/simple"
reference = "skao"

[[package]]
name = "Sphinx"
version = "7.2.0"
description = "Python documentation generator"
optional = false
python-versions = "*"
files = []

[[package]]
name = "sphinx-autodoc-typehints"
version = "1.23.0"
description = "Type hints (PEP 484) support for the Sphinx autodoc extension"
optional = false
python-versions = "*"
files = []

[[package]]
name = "sphinx-rtd-theme"
version = "1.3.0"
description = "Read the Docs theme for Sphinx"
optional = false
python-versions = "*"
files = []

[metadata]
lock-version = "2.0"
python-versions = "^3.10"
content-hash = "1b3532bce9670afffb7f056fb7517694e08b4540d15d1634a2ee9c3f19bb439a"
